// !$*UTF8*$!
{
	archiveVersion = 1;
	classes = {
	};
	objectVersion = 56;
	objects = {

/* Begin PBXBuildFile section */
		09617C3D29B87B5300559C81 /* SettingsView.swift in Sources */ = {isa = PBXBuildFile; fileRef = 09617C3C29B87B5300559C81 /* SettingsView.swift */; };
		09617C4229B8844900559C81 /* SettingsStore.swift in Sources */ = {isa = PBXBuildFile; fileRef = 09617C4129B8844900559C81 /* SettingsStore.swift */; };
		0997038729B5DADE000D579C /* FirebaseAuth in Frameworks */ = {isa = PBXBuildFile; productRef = 0997038629B5DADE000D579C /* FirebaseAuth */; };
		0997038929B5E292000D579C /* FireAuth.swift in Sources */ = {isa = PBXBuildFile; fileRef = 0997038829B5E292000D579C /* FireAuth.swift */; };
		09AE4D3C29BF143600553581 /* EmojiPhotoComponent.swift in Sources */ = {isa = PBXBuildFile; fileRef = 09AE4D3B29BF143600553581 /* EmojiPhotoComponent.swift */; };
		09AE4D4629BF23A900553581 /* WidgetKit.framework in Frameworks */ = {isa = PBXBuildFile; fileRef = 09AE4D4529BF23A900553581 /* WidgetKit.framework */; };
		09AE4D4829BF23A900553581 /* SwiftUI.framework in Frameworks */ = {isa = PBXBuildFile; fileRef = 09AE4D4729BF23A900553581 /* SwiftUI.framework */; };
		09AE4D4B29BF23A900553581 /* MoodWidgetBundle.swift in Sources */ = {isa = PBXBuildFile; fileRef = 09AE4D4A29BF23A900553581 /* MoodWidgetBundle.swift */; };
		09AE4D4D29BF23A900553581 /* MoodWidgetLiveActivity.swift in Sources */ = {isa = PBXBuildFile; fileRef = 09AE4D4C29BF23A900553581 /* MoodWidgetLiveActivity.swift */; };
		09AE4D4F29BF23A900553581 /* MoodWidget.swift in Sources */ = {isa = PBXBuildFile; fileRef = 09AE4D4E29BF23A900553581 /* MoodWidget.swift */; };
		09AE4D5129BF23AB00553581 /* Assets.xcassets in Resources */ = {isa = PBXBuildFile; fileRef = 09AE4D5029BF23AB00553581 /* Assets.xcassets */; };
		09AE4D5529BF23AB00553581 /* MoodWidgetExtension.appex in Embed Foundation Extensions */ = {isa = PBXBuildFile; fileRef = 09AE4D4329BF23A900553581 /* MoodWidgetExtension.appex */; settings = {ATTRIBUTES = (RemoveHeadersOnCopy, ); }; };
		09AE4D5B29BF252800553581 /* EmojiWidgetView.swift in Sources */ = {isa = PBXBuildFile; fileRef = 09AE4D5A29BF252800553581 /* EmojiWidgetView.swift */; };
		09AE4D5D29BF276C00553581 /* SettingsStore.swift in Sources */ = {isa = PBXBuildFile; fileRef = 09617C4129B8844900559C81 /* SettingsStore.swift */; };
		09AE4D5F29BF27AF00553581 /* MoodStore.swift in Sources */ = {isa = PBXBuildFile; fileRef = 09AE4D5E29BF27AF00553581 /* MoodStore.swift */; };
		09AE4D6029BF280700553581 /* MoodStore.swift in Sources */ = {isa = PBXBuildFile; fileRef = 09AE4D5E29BF27AF00553581 /* MoodStore.swift */; };
		09F2EA5C29B9E78300550A8B /* CNNEmotions.mlpackage in Sources */ = {isa = PBXBuildFile; fileRef = 09F2EA5B29B9E78300550A8B /* CNNEmotions.mlpackage */; };
		C526392529B0D6D4001C0CD1 /* GoogleSignIn in Frameworks */ = {isa = PBXBuildFile; productRef = C526392429B0D6D4001C0CD1 /* GoogleSignIn */; };
		C526392729B0D6D4001C0CD1 /* GoogleSignInSwift in Frameworks */ = {isa = PBXBuildFile; productRef = C526392629B0D6D4001C0CD1 /* GoogleSignInSwift */; };
		C526392A29B0D70D001C0CD1 /* +View.swift in Sources */ = {isa = PBXBuildFile; fileRef = C526392929B0D70D001C0CD1 /* +View.swift */; };
		C526392C29B0D726001C0CD1 /* AppDelegate.swift in Sources */ = {isa = PBXBuildFile; fileRef = C526392B29B0D726001C0CD1 /* AppDelegate.swift */; };
		C526393529B0D7DD001C0CD1 /* GoogleButtonComponent.swift in Sources */ = {isa = PBXBuildFile; fileRef = C526393429B0D7DD001C0CD1 /* GoogleButtonComponent.swift */; };
		C526393729B0D8B9001C0CD1 /* GoogleService-Info.plist in Resources */ = {isa = PBXBuildFile; fileRef = C526393629B0D8B9001C0CD1 /* GoogleService-Info.plist */; };
		C55C570129B61BD20053ABF5 /* PhotoView.swift in Sources */ = {isa = PBXBuildFile; fileRef = C55C570029B61BD20053ABF5 /* PhotoView.swift */; };
		C566033329BC73BE000D7836 /* SpotifyComponent.swift in Sources */ = {isa = PBXBuildFile; fileRef = C566033229BC73BE000D7836 /* SpotifyComponent.swift */; };
		C566033629BC77BF000D7836 /* SpotifyiOS in Frameworks */ = {isa = PBXBuildFile; productRef = C566033529BC77BF000D7836 /* SpotifyiOS */; };
		C576B2E629B0D2B100C1D629 /* BeHappy_iOSApp.swift in Sources */ = {isa = PBXBuildFile; fileRef = C576B2E529B0D2B100C1D629 /* BeHappy_iOSApp.swift */; };
		C576B2EA29B0D2B300C1D629 /* Assets.xcassets in Resources */ = {isa = PBXBuildFile; fileRef = C576B2E929B0D2B300C1D629 /* Assets.xcassets */; };
		C576B2ED29B0D2B300C1D629 /* Preview Assets.xcassets in Resources */ = {isa = PBXBuildFile; fileRef = C576B2EC29B0D2B300C1D629 /* Preview Assets.xcassets */; };
		C576B2FE29B0D3BA00C1D629 /* LoginView.swift in Sources */ = {isa = PBXBuildFile; fileRef = C576B2FD29B0D3BA00C1D629 /* LoginView.swift */; };
		C576B30029B0D3CC00C1D629 /* HomeView.swift in Sources */ = {isa = PBXBuildFile; fileRef = C576B2FF29B0D3CC00C1D629 /* HomeView.swift */; };
		C576B30229B0D44700C1D629 /* CameraService.swift in Sources */ = {isa = PBXBuildFile; fileRef = C576B30129B0D44700C1D629 /* CameraService.swift */; };
		C576B30429B0D4C400C1D629 /* CameraView.swift in Sources */ = {isa = PBXBuildFile; fileRef = C576B30329B0D4C400C1D629 /* CameraView.swift */; };
		C576B30629B0D52500C1D629 /* CameraPreviewComponent.swift in Sources */ = {isa = PBXBuildFile; fileRef = C576B30529B0D52500C1D629 /* CameraPreviewComponent.swift */; };
		C57EFAC729BB98CA00EE19CA /* FacialExpression.mlmodel in Sources */ = {isa = PBXBuildFile; fileRef = C57EFAC629BB98CA00EE19CA /* FacialExpression.mlmodel */; };
		C57EFAC929BB9F3C00EE19CA /* HeartRateComponent.swift in Sources */ = {isa = PBXBuildFile; fileRef = C57EFAC829BB9F3C00EE19CA /* HeartRateComponent.swift */; };
		C57EFACE29BBA56400EE19CA /* HealthKitService.swift in Sources */ = {isa = PBXBuildFile; fileRef = C57EFACD29BBA56400EE19CA /* HealthKitService.swift */; };
		C5A0BCD729B76FBD0006E853 /* Childs-Hand.ttf in Resources */ = {isa = PBXBuildFile; fileRef = C5A0BCD629B76F970006E853 /* Childs-Hand.ttf */; };
		C5B7011B29B9CDF8003589B1 /* WeatherService.swift in Sources */ = {isa = PBXBuildFile; fileRef = C5B7011A29B9CDF8003589B1 /* WeatherService.swift */; };
		C5B7011D29B9D042003589B1 /* WeatherCardComponent.swift in Sources */ = {isa = PBXBuildFile; fileRef = C5B7011C29B9D042003589B1 /* WeatherCardComponent.swift */; };
		C5F496F529B8809D001670E9 /* CommunityView.swift in Sources */ = {isa = PBXBuildFile; fileRef = C5F496F429B8809D001670E9 /* CommunityView.swift */; };
		C5F4970129B8B869001670E9 /* SDWebImage in Frameworks */ = {isa = PBXBuildFile; productRef = C5F4970029B8B869001670E9 /* SDWebImage */; };
		C5F4970429B8BA40001670E9 /* FLAnimatedImage in Frameworks */ = {isa = PBXBuildFile; productRef = C5F4970329B8BA40001670E9 /* FLAnimatedImage */; };
		C5F4970629B8BA8E001670E9 /* AnimatedImageComponent.swift in Sources */ = {isa = PBXBuildFile; fileRef = C5F4970529B8BA8E001670E9 /* AnimatedImageComponent.swift */; };
/* End PBXBuildFile section */

/* Begin PBXContainerItemProxy section */
		09AE4D5329BF23AB00553581 /* PBXContainerItemProxy */ = {
			isa = PBXContainerItemProxy;
			containerPortal = C576B2DA29B0D2B100C1D629 /* Project object */;
			proxyType = 1;
			remoteGlobalIDString = 09AE4D4229BF23A900553581;
			remoteInfo = MoodWidgetExtension;
		};
/* End PBXContainerItemProxy section */

/* Begin PBXCopyFilesBuildPhase section */
		09AE4D5929BF23AB00553581 /* Embed Foundation Extensions */ = {
			isa = PBXCopyFilesBuildPhase;
			buildActionMask = 2147483647;
			dstPath = "";
			dstSubfolderSpec = 13;
			files = (
				09AE4D5529BF23AB00553581 /* MoodWidgetExtension.appex in Embed Foundation Extensions */,
			);
			name = "Embed Foundation Extensions";
			runOnlyForDeploymentPostprocessing = 0;
		};
/* End PBXCopyFilesBuildPhase section */

/* Begin PBXFileReference section */
		09617C3C29B87B5300559C81 /* SettingsView.swift */ = {isa = PBXFileReference; lastKnownFileType = sourcecode.swift; path = SettingsView.swift; sourceTree = "<group>"; };
		09617C4129B8844900559C81 /* SettingsStore.swift */ = {isa = PBXFileReference; lastKnownFileType = sourcecode.swift; path = SettingsStore.swift; sourceTree = "<group>"; };
		0997038429B5D9B0000D579C /* Info.plist */ = {isa = PBXFileReference; lastKnownFileType = text.plist; path = Info.plist; sourceTree = "<group>"; };
		0997038829B5E292000D579C /* FireAuth.swift */ = {isa = PBXFileReference; lastKnownFileType = sourcecode.swift; path = FireAuth.swift; sourceTree = "<group>"; };
		09AE4D3B29BF143600553581 /* EmojiPhotoComponent.swift */ = {isa = PBXFileReference; lastKnownFileType = sourcecode.swift; path = EmojiPhotoComponent.swift; sourceTree = "<group>"; };
		09AE4D4329BF23A900553581 /* MoodWidgetExtension.appex */ = {isa = PBXFileReference; explicitFileType = "wrapper.app-extension"; includeInIndex = 0; path = MoodWidgetExtension.appex; sourceTree = BUILT_PRODUCTS_DIR; };
		09AE4D4529BF23A900553581 /* WidgetKit.framework */ = {isa = PBXFileReference; lastKnownFileType = wrapper.framework; name = WidgetKit.framework; path = System/Library/Frameworks/WidgetKit.framework; sourceTree = SDKROOT; };
		09AE4D4729BF23A900553581 /* SwiftUI.framework */ = {isa = PBXFileReference; lastKnownFileType = wrapper.framework; name = SwiftUI.framework; path = System/Library/Frameworks/SwiftUI.framework; sourceTree = SDKROOT; };
		09AE4D4A29BF23A900553581 /* MoodWidgetBundle.swift */ = {isa = PBXFileReference; lastKnownFileType = sourcecode.swift; path = MoodWidgetBundle.swift; sourceTree = "<group>"; };
		09AE4D4C29BF23A900553581 /* MoodWidgetLiveActivity.swift */ = {isa = PBXFileReference; lastKnownFileType = sourcecode.swift; path = MoodWidgetLiveActivity.swift; sourceTree = "<group>"; };
		09AE4D4E29BF23A900553581 /* MoodWidget.swift */ = {isa = PBXFileReference; lastKnownFileType = sourcecode.swift; path = MoodWidget.swift; sourceTree = "<group>"; };
		09AE4D5029BF23AB00553581 /* Assets.xcassets */ = {isa = PBXFileReference; lastKnownFileType = folder.assetcatalog; path = Assets.xcassets; sourceTree = "<group>"; };
		09AE4D5229BF23AB00553581 /* Info.plist */ = {isa = PBXFileReference; lastKnownFileType = text.plist.xml; path = Info.plist; sourceTree = "<group>"; };
		09AE4D5A29BF252800553581 /* EmojiWidgetView.swift */ = {isa = PBXFileReference; lastKnownFileType = sourcecode.swift; path = EmojiWidgetView.swift; sourceTree = "<group>"; };
		09AE4D5E29BF27AF00553581 /* MoodStore.swift */ = {isa = PBXFileReference; lastKnownFileType = sourcecode.swift; path = MoodStore.swift; sourceTree = "<group>"; };
		09F2EA5B29B9E78300550A8B /* CNNEmotions.mlpackage */ = {isa = PBXFileReference; lastKnownFileType = folder.mlpackage; path = CNNEmotions.mlpackage; sourceTree = "<group>"; };
		C526392929B0D70D001C0CD1 /* +View.swift */ = {isa = PBXFileReference; lastKnownFileType = sourcecode.swift; path = "+View.swift"; sourceTree = "<group>"; };
		C526392B29B0D726001C0CD1 /* AppDelegate.swift */ = {isa = PBXFileReference; lastKnownFileType = sourcecode.swift; path = AppDelegate.swift; sourceTree = "<group>"; };
		C526393429B0D7DD001C0CD1 /* GoogleButtonComponent.swift */ = {isa = PBXFileReference; lastKnownFileType = sourcecode.swift; path = GoogleButtonComponent.swift; sourceTree = "<group>"; };
		C526393629B0D8B9001C0CD1 /* GoogleService-Info.plist */ = {isa = PBXFileReference; fileEncoding = 4; lastKnownFileType = text.plist.xml; path = "GoogleService-Info.plist"; sourceTree = "<group>"; };
		C55C570029B61BD20053ABF5 /* PhotoView.swift */ = {isa = PBXFileReference; fileEncoding = 4; lastKnownFileType = sourcecode.swift; path = PhotoView.swift; sourceTree = "<group>"; };
		C566033229BC73BE000D7836 /* SpotifyComponent.swift */ = {isa = PBXFileReference; lastKnownFileType = sourcecode.swift; path = SpotifyComponent.swift; sourceTree = "<group>"; };
		C576B2E229B0D2B100C1D629 /* BeHappy-iOS.app */ = {isa = PBXFileReference; explicitFileType = wrapper.application; includeInIndex = 0; path = "BeHappy-iOS.app"; sourceTree = BUILT_PRODUCTS_DIR; };
		C576B2E529B0D2B100C1D629 /* BeHappy_iOSApp.swift */ = {isa = PBXFileReference; lastKnownFileType = sourcecode.swift; path = BeHappy_iOSApp.swift; sourceTree = "<group>"; };
		C576B2E929B0D2B300C1D629 /* Assets.xcassets */ = {isa = PBXFileReference; lastKnownFileType = folder.assetcatalog; path = Assets.xcassets; sourceTree = "<group>"; };
		C576B2EC29B0D2B300C1D629 /* Preview Assets.xcassets */ = {isa = PBXFileReference; lastKnownFileType = folder.assetcatalog; path = "Preview Assets.xcassets"; sourceTree = "<group>"; };
		C576B2FD29B0D3BA00C1D629 /* LoginView.swift */ = {isa = PBXFileReference; lastKnownFileType = sourcecode.swift; path = LoginView.swift; sourceTree = "<group>"; };
		C576B2FF29B0D3CC00C1D629 /* HomeView.swift */ = {isa = PBXFileReference; lastKnownFileType = sourcecode.swift; path = HomeView.swift; sourceTree = "<group>"; };
		C576B30129B0D44700C1D629 /* CameraService.swift */ = {isa = PBXFileReference; lastKnownFileType = sourcecode.swift; path = CameraService.swift; sourceTree = "<group>"; };
		C576B30329B0D4C400C1D629 /* CameraView.swift */ = {isa = PBXFileReference; lastKnownFileType = sourcecode.swift; path = CameraView.swift; sourceTree = "<group>"; };
		C576B30529B0D52500C1D629 /* CameraPreviewComponent.swift */ = {isa = PBXFileReference; lastKnownFileType = sourcecode.swift; path = CameraPreviewComponent.swift; sourceTree = "<group>"; };
		C57EFAC629BB98CA00EE19CA /* FacialExpression.mlmodel */ = {isa = PBXFileReference; lastKnownFileType = file.mlmodel; path = FacialExpression.mlmodel; sourceTree = "<group>"; };
		C57EFAC829BB9F3C00EE19CA /* HeartRateComponent.swift */ = {isa = PBXFileReference; lastKnownFileType = sourcecode.swift; path = HeartRateComponent.swift; sourceTree = "<group>"; };
		C57EFACC29BBA37F00EE19CA /* BeHappy-iOS.entitlements */ = {isa = PBXFileReference; lastKnownFileType = text.plist.entitlements; path = "BeHappy-iOS.entitlements"; sourceTree = "<group>"; };
		C57EFACD29BBA56400EE19CA /* HealthKitService.swift */ = {isa = PBXFileReference; lastKnownFileType = sourcecode.swift; path = HealthKitService.swift; sourceTree = "<group>"; };
		C5A0BCD629B76F970006E853 /* Childs-Hand.ttf */ = {isa = PBXFileReference; lastKnownFileType = file; path = "Childs-Hand.ttf"; sourceTree = "<group>"; };
		C5B7011A29B9CDF8003589B1 /* WeatherService.swift */ = {isa = PBXFileReference; lastKnownFileType = sourcecode.swift; path = WeatherService.swift; sourceTree = "<group>"; };
		C5B7011C29B9D042003589B1 /* WeatherCardComponent.swift */ = {isa = PBXFileReference; lastKnownFileType = sourcecode.swift; path = WeatherCardComponent.swift; sourceTree = "<group>"; };
		C5F496F429B8809D001670E9 /* CommunityView.swift */ = {isa = PBXFileReference; lastKnownFileType = sourcecode.swift; path = CommunityView.swift; sourceTree = "<group>"; };
		C5F4970529B8BA8E001670E9 /* AnimatedImageComponent.swift */ = {isa = PBXFileReference; lastKnownFileType = sourcecode.swift; path = AnimatedImageComponent.swift; sourceTree = "<group>"; };
/* End PBXFileReference section */

/* Begin PBXFrameworksBuildPhase section */
		09AE4D4029BF23A900553581 /* Frameworks */ = {
			isa = PBXFrameworksBuildPhase;
			buildActionMask = 2147483647;
			files = (
				09AE4D4829BF23A900553581 /* SwiftUI.framework in Frameworks */,
				09AE4D4629BF23A900553581 /* WidgetKit.framework in Frameworks */,
			);
			runOnlyForDeploymentPostprocessing = 0;
		};
		C576B2DF29B0D2B100C1D629 /* Frameworks */ = {
			isa = PBXFrameworksBuildPhase;
			buildActionMask = 2147483647;
			files = (
				C526392729B0D6D4001C0CD1 /* GoogleSignInSwift in Frameworks */,
				C566033629BC77BF000D7836 /* SpotifyiOS in Frameworks */,
				0997038729B5DADE000D579C /* FirebaseAuth in Frameworks */,
				C5F4970429B8BA40001670E9 /* FLAnimatedImage in Frameworks */,
				C5F4970129B8B869001670E9 /* SDWebImage in Frameworks */,
				C526392529B0D6D4001C0CD1 /* GoogleSignIn in Frameworks */,
			);
			runOnlyForDeploymentPostprocessing = 0;
		};
/* End PBXFrameworksBuildPhase section */

/* Begin PBXGroup section */
		09617C3E29B87E3500559C81 /* Models */ = {
			isa = PBXGroup;
			children = (
				09617C4129B8844900559C81 /* SettingsStore.swift */,
				09AE4D5E29BF27AF00553581 /* MoodStore.swift */,
			);
			path = Models;
			sourceTree = "<group>";
		};
		09AE4D4429BF23A900553581 /* Frameworks */ = {
			isa = PBXGroup;
			children = (
				09AE4D4529BF23A900553581 /* WidgetKit.framework */,
				09AE4D4729BF23A900553581 /* SwiftUI.framework */,
			);
			name = Frameworks;
			sourceTree = "<group>";
		};
		09AE4D4929BF23A900553581 /* MoodWidget */ = {
			isa = PBXGroup;
			children = (
				09AE4D4A29BF23A900553581 /* MoodWidgetBundle.swift */,
				09AE4D4C29BF23A900553581 /* MoodWidgetLiveActivity.swift */,
				09AE4D4E29BF23A900553581 /* MoodWidget.swift */,
				09AE4D5A29BF252800553581 /* EmojiWidgetView.swift */,
				09AE4D5029BF23AB00553581 /* Assets.xcassets */,
				09AE4D5229BF23AB00553581 /* Info.plist */,
			);
			path = MoodWidget;
			sourceTree = "<group>";
		};
		C526392829B0D6FA001C0CD1 /* Helpers */ = {
			isa = PBXGroup;
			children = (
				C526392929B0D70D001C0CD1 /* +View.swift */,
				C526392B29B0D726001C0CD1 /* AppDelegate.swift */,
				0997038829B5E292000D579C /* FireAuth.swift */,
			);
			path = Helpers;
			sourceTree = "<group>";
		};
		C526393329B0D7CF001C0CD1 /* Components */ = {
			isa = PBXGroup;
			children = (
				C5F4970529B8BA8E001670E9 /* AnimatedImageComponent.swift */,
				C576B30529B0D52500C1D629 /* CameraPreviewComponent.swift */,
				C526393429B0D7DD001C0CD1 /* GoogleButtonComponent.swift */,
				C5B7011C29B9D042003589B1 /* WeatherCardComponent.swift */,
				C57EFAC829BB9F3C00EE19CA /* HeartRateComponent.swift */,
				C566033229BC73BE000D7836 /* SpotifyComponent.swift */,
				09AE4D3B29BF143600553581 /* EmojiPhotoComponent.swift */,
			);
			path = Components;
			sourceTree = "<group>";
		};
		C576B2D929B0D2B100C1D629 = {
			isa = PBXGroup;
			children = (
				C576B2E429B0D2B100C1D629 /* BeHappy-iOS */,
				09AE4D4929BF23A900553581 /* MoodWidget */,
				09AE4D4429BF23A900553581 /* Frameworks */,
				C576B2E329B0D2B100C1D629 /* Products */,
			);
			sourceTree = "<group>";
		};
		C576B2E329B0D2B100C1D629 /* Products */ = {
			isa = PBXGroup;
			children = (
				C576B2E229B0D2B100C1D629 /* BeHappy-iOS.app */,
				09AE4D4329BF23A900553581 /* MoodWidgetExtension.appex */,
			);
			name = Products;
			sourceTree = "<group>";
		};
		C576B2E429B0D2B100C1D629 /* BeHappy-iOS */ = {
			isa = PBXGroup;
			children = (
				C57EFACC29BBA37F00EE19CA /* BeHappy-iOS.entitlements */,
				C57EFAC629BB98CA00EE19CA /* FacialExpression.mlmodel */,
				09F2EA5B29B9E78300550A8B /* CNNEmotions.mlpackage */,
				09617C3E29B87E3500559C81 /* Models */,
				C5A0BCD529B76F560006E853 /* Fonts */,
				0997038429B5D9B0000D579C /* Info.plist */,
				C526393629B0D8B9001C0CD1 /* GoogleService-Info.plist */,
				C526393329B0D7CF001C0CD1 /* Components */,
				C526392829B0D6FA001C0CD1 /* Helpers */,
				C576B2F629B0D31500C1D629 /* Views */,
				C576B2F329B0D2F300C1D629 /* Services */,
				C576B2E529B0D2B100C1D629 /* BeHappy_iOSApp.swift */,
				C576B2E929B0D2B300C1D629 /* Assets.xcassets */,
				C576B2EB29B0D2B300C1D629 /* Preview Content */,
			);
			path = "BeHappy-iOS";
			sourceTree = "<group>";
		};
		C576B2EB29B0D2B300C1D629 /* Preview Content */ = {
			isa = PBXGroup;
			children = (
				C576B2EC29B0D2B300C1D629 /* Preview Assets.xcassets */,
			);
			path = "Preview Content";
			sourceTree = "<group>";
		};
		C576B2F329B0D2F300C1D629 /* Services */ = {
			isa = PBXGroup;
			children = (
				C576B30129B0D44700C1D629 /* CameraService.swift */,
				C5B7011A29B9CDF8003589B1 /* WeatherService.swift */,
				C57EFACD29BBA56400EE19CA /* HealthKitService.swift */,
			);
			path = Services;
			sourceTree = "<group>";
		};
		C576B2F629B0D31500C1D629 /* Views */ = {
			isa = PBXGroup;
			children = (
				C55C570029B61BD20053ABF5 /* PhotoView.swift */,
				C576B2FD29B0D3BA00C1D629 /* LoginView.swift */,
				C576B2FF29B0D3CC00C1D629 /* HomeView.swift */,
				C576B30329B0D4C400C1D629 /* CameraView.swift */,
				09617C3C29B87B5300559C81 /* SettingsView.swift */,
				C5F496F429B8809D001670E9 /* CommunityView.swift */,
			);
			path = Views;
			sourceTree = "<group>";
		};
		C5A0BCD529B76F560006E853 /* Fonts */ = {
			isa = PBXGroup;
			children = (
				C5A0BCD629B76F970006E853 /* Childs-Hand.ttf */,
			);
			path = Fonts;
			sourceTree = "<group>";
		};
/* End PBXGroup section */

/* Begin PBXNativeTarget section */
		09AE4D4229BF23A900553581 /* MoodWidgetExtension */ = {
			isa = PBXNativeTarget;
			buildConfigurationList = 09AE4D5629BF23AB00553581 /* Build configuration list for PBXNativeTarget "MoodWidgetExtension" */;
			buildPhases = (
				09AE4D3F29BF23A900553581 /* Sources */,
				09AE4D4029BF23A900553581 /* Frameworks */,
				09AE4D4129BF23A900553581 /* Resources */,
			);
			buildRules = (
			);
			dependencies = (
			);
			name = MoodWidgetExtension;
			productName = MoodWidgetExtension;
			productReference = 09AE4D4329BF23A900553581 /* MoodWidgetExtension.appex */;
			productType = "com.apple.product-type.app-extension";
		};
		C576B2E129B0D2B100C1D629 /* BeHappy-iOS */ = {
			isa = PBXNativeTarget;
			buildConfigurationList = C576B2F029B0D2B300C1D629 /* Build configuration list for PBXNativeTarget "BeHappy-iOS" */;
			buildPhases = (
				C576B2DE29B0D2B100C1D629 /* Sources */,
				C576B2DF29B0D2B100C1D629 /* Frameworks */,
				C576B2E029B0D2B100C1D629 /* Resources */,
				09AE4D5929BF23AB00553581 /* Embed Foundation Extensions */,
			);
			buildRules = (
			);
			dependencies = (
				09AE4D5429BF23AB00553581 /* PBXTargetDependency */,
			);
			name = "BeHappy-iOS";
			packageProductDependencies = (
				C526392429B0D6D4001C0CD1 /* GoogleSignIn */,
				C526392629B0D6D4001C0CD1 /* GoogleSignInSwift */,
				0997038629B5DADE000D579C /* FirebaseAuth */,
				C5F4970029B8B869001670E9 /* SDWebImage */,
				C5F4970329B8BA40001670E9 /* FLAnimatedImage */,
				C566033529BC77BF000D7836 /* SpotifyiOS */,
			);
			productName = "BeHappy-iOS";
			productReference = C576B2E229B0D2B100C1D629 /* BeHappy-iOS.app */;
			productType = "com.apple.product-type.application";
		};
/* End PBXNativeTarget section */

/* Begin PBXProject section */
		C576B2DA29B0D2B100C1D629 /* Project object */ = {
			isa = PBXProject;
			attributes = {
				BuildIndependentTargetsInParallel = 1;
				LastSwiftUpdateCheck = 1420;
				LastUpgradeCheck = 1420;
				TargetAttributes = {
					09AE4D4229BF23A900553581 = {
						CreatedOnToolsVersion = 14.2;
					};
					C576B2E129B0D2B100C1D629 = {
						CreatedOnToolsVersion = 14.2;
					};
				};
			};
			buildConfigurationList = C576B2DD29B0D2B100C1D629 /* Build configuration list for PBXProject "BeHappy-iOS" */;
			compatibilityVersion = "Xcode 14.0";
			developmentRegion = en;
			hasScannedForEncodings = 0;
			knownRegions = (
				en,
				Base,
			);
			mainGroup = C576B2D929B0D2B100C1D629;
			packageReferences = (
				C526392329B0D6D4001C0CD1 /* XCRemoteSwiftPackageReference "GoogleSignIn-iOS" */,
				0997038529B5DADE000D579C /* XCRemoteSwiftPackageReference "firebase-ios-sdk" */,
				C5F496FF29B8B869001670E9 /* XCRemoteSwiftPackageReference "SDWebImage" */,
				C5F4970229B8BA40001670E9 /* XCRemoteSwiftPackageReference "FLAnimatedImage" */,
				C566033429BC77BF000D7836 /* XCRemoteSwiftPackageReference "ios-sdk" */,
			);
			productRefGroup = C576B2E329B0D2B100C1D629 /* Products */;
			projectDirPath = "";
			projectRoot = "";
			targets = (
				C576B2E129B0D2B100C1D629 /* BeHappy-iOS */,
				09AE4D4229BF23A900553581 /* MoodWidgetExtension */,
			);
		};
/* End PBXProject section */

/* Begin PBXResourcesBuildPhase section */
		09AE4D4129BF23A900553581 /* Resources */ = {
			isa = PBXResourcesBuildPhase;
			buildActionMask = 2147483647;
			files = (
				09AE4D5129BF23AB00553581 /* Assets.xcassets in Resources */,
			);
			runOnlyForDeploymentPostprocessing = 0;
		};
		C576B2E029B0D2B100C1D629 /* Resources */ = {
			isa = PBXResourcesBuildPhase;
			buildActionMask = 2147483647;
			files = (
				C576B2ED29B0D2B300C1D629 /* Preview Assets.xcassets in Resources */,
				C5A0BCD729B76FBD0006E853 /* Childs-Hand.ttf in Resources */,
				C576B2EA29B0D2B300C1D629 /* Assets.xcassets in Resources */,
				C526393729B0D8B9001C0CD1 /* GoogleService-Info.plist in Resources */,
			);
			runOnlyForDeploymentPostprocessing = 0;
		};
/* End PBXResourcesBuildPhase section */

/* Begin PBXSourcesBuildPhase section */
		09AE4D3F29BF23A900553581 /* Sources */ = {
			isa = PBXSourcesBuildPhase;
			buildActionMask = 2147483647;
			files = (
				09AE4D4B29BF23A900553581 /* MoodWidgetBundle.swift in Sources */,
				09AE4D4F29BF23A900553581 /* MoodWidget.swift in Sources */,
				09AE4D6029BF280700553581 /* MoodStore.swift in Sources */,
				09AE4D4D29BF23A900553581 /* MoodWidgetLiveActivity.swift in Sources */,
				09AE4D5D29BF276C00553581 /* SettingsStore.swift in Sources */,
				09AE4D5B29BF252800553581 /* EmojiWidgetView.swift in Sources */,
			);
			runOnlyForDeploymentPostprocessing = 0;
		};
		C576B2DE29B0D2B100C1D629 /* Sources */ = {
			isa = PBXSourcesBuildPhase;
			buildActionMask = 2147483647;
			files = (
				C5B7011B29B9CDF8003589B1 /* WeatherService.swift in Sources */,
				C57EFAC729BB98CA00EE19CA /* FacialExpression.mlmodel in Sources */,
				C5B7011D29B9D042003589B1 /* WeatherCardComponent.swift in Sources */,
				C526393529B0D7DD001C0CD1 /* GoogleButtonComponent.swift in Sources */,
				C526392C29B0D726001C0CD1 /* AppDelegate.swift in Sources */,
				C5F4970629B8BA8E001670E9 /* AnimatedImageComponent.swift in Sources */,
				C55C570129B61BD20053ABF5 /* PhotoView.swift in Sources */,
				09617C4229B8844900559C81 /* SettingsStore.swift in Sources */,
				C576B30229B0D44700C1D629 /* CameraService.swift in Sources */,
				C576B30029B0D3CC00C1D629 /* HomeView.swift in Sources */,
				C576B30429B0D4C400C1D629 /* CameraView.swift in Sources */,
				C57EFACE29BBA56400EE19CA /* HealthKitService.swift in Sources */,
				C5F496F529B8809D001670E9 /* CommunityView.swift in Sources */,
				09F2EA5C29B9E78300550A8B /* CNNEmotions.mlpackage in Sources */,
				09AE4D5F29BF27AF00553581 /* MoodStore.swift in Sources */,
				C576B30629B0D52500C1D629 /* CameraPreviewComponent.swift in Sources */,
				C57EFAC929BB9F3C00EE19CA /* HeartRateComponent.swift in Sources */,
				C566033329BC73BE000D7836 /* SpotifyComponent.swift in Sources */,
				C526392A29B0D70D001C0CD1 /* +View.swift in Sources */,
				0997038929B5E292000D579C /* FireAuth.swift in Sources */,
				09617C3D29B87B5300559C81 /* SettingsView.swift in Sources */,
				09AE4D3C29BF143600553581 /* EmojiPhotoComponent.swift in Sources */,
				C576B2FE29B0D3BA00C1D629 /* LoginView.swift in Sources */,
				C576B2E629B0D2B100C1D629 /* BeHappy_iOSApp.swift in Sources */,
			);
			runOnlyForDeploymentPostprocessing = 0;
		};
/* End PBXSourcesBuildPhase section */

/* Begin PBXTargetDependency section */
		09AE4D5429BF23AB00553581 /* PBXTargetDependency */ = {
			isa = PBXTargetDependency;
			target = 09AE4D4229BF23A900553581 /* MoodWidgetExtension */;
			targetProxy = 09AE4D5329BF23AB00553581 /* PBXContainerItemProxy */;
		};
/* End PBXTargetDependency section */

/* Begin XCBuildConfiguration section */
		09AE4D5729BF23AB00553581 /* Debug */ = {
			isa = XCBuildConfiguration;
			buildSettings = {
				ASSETCATALOG_COMPILER_GLOBAL_ACCENT_COLOR_NAME = AccentColor;
				ASSETCATALOG_COMPILER_WIDGET_BACKGROUND_COLOR_NAME = WidgetBackground;
				CODE_SIGN_STYLE = Automatic;
				CURRENT_PROJECT_VERSION = 1;
				DEVELOPMENT_TEAM = SFUH889WFT;
				GENERATE_INFOPLIST_FILE = YES;
				INFOPLIST_FILE = MoodWidget/Info.plist;
				INFOPLIST_KEY_CFBundleDisplayName = MoodWidget;
				INFOPLIST_KEY_NSHumanReadableCopyright = "";
				LD_RUNPATH_SEARCH_PATHS = (
					"$(inherited)",
					"@executable_path/Frameworks",
					"@executable_path/../../Frameworks",
				);
				MARKETING_VERSION = 1.0;
				PRODUCT_BUNDLE_IDENTIFIER = "S4-Reno.BeHappy-iOS2.MoodWidget";
				PRODUCT_NAME = "$(TARGET_NAME)";
				SKIP_INSTALL = YES;
				SWIFT_EMIT_LOC_STRINGS = YES;
				SWIFT_VERSION = 5.0;
				TARGETED_DEVICE_FAMILY = "1,2";
			};
			name = Debug;
		};
		09AE4D5829BF23AB00553581 /* Release */ = {
			isa = XCBuildConfiguration;
			buildSettings = {
				ASSETCATALOG_COMPILER_GLOBAL_ACCENT_COLOR_NAME = AccentColor;
				ASSETCATALOG_COMPILER_WIDGET_BACKGROUND_COLOR_NAME = WidgetBackground;
				CODE_SIGN_STYLE = Automatic;
				CURRENT_PROJECT_VERSION = 1;
				DEVELOPMENT_TEAM = SFUH889WFT;
				GENERATE_INFOPLIST_FILE = YES;
				INFOPLIST_FILE = MoodWidget/Info.plist;
				INFOPLIST_KEY_CFBundleDisplayName = MoodWidget;
				INFOPLIST_KEY_NSHumanReadableCopyright = "";
				LD_RUNPATH_SEARCH_PATHS = (
					"$(inherited)",
					"@executable_path/Frameworks",
					"@executable_path/../../Frameworks",
				);
				MARKETING_VERSION = 1.0;
				PRODUCT_BUNDLE_IDENTIFIER = "S4-Reno.BeHappy-iOS2.MoodWidget";
				PRODUCT_NAME = "$(TARGET_NAME)";
				SKIP_INSTALL = YES;
				SWIFT_EMIT_LOC_STRINGS = YES;
				SWIFT_VERSION = 5.0;
				TARGETED_DEVICE_FAMILY = "1,2";
			};
			name = Release;
		};
		C576B2EE29B0D2B300C1D629 /* Debug */ = {
			isa = XCBuildConfiguration;
			buildSettings = {
				ALWAYS_SEARCH_USER_PATHS = NO;
				CLANG_ANALYZER_NONNULL = YES;
				CLANG_ANALYZER_NUMBER_OBJECT_CONVERSION = YES_AGGRESSIVE;
				CLANG_CXX_LANGUAGE_STANDARD = "gnu++20";
				CLANG_ENABLE_MODULES = YES;
				CLANG_ENABLE_OBJC_ARC = YES;
				CLANG_ENABLE_OBJC_WEAK = YES;
				CLANG_WARN_BLOCK_CAPTURE_AUTORELEASING = YES;
				CLANG_WARN_BOOL_CONVERSION = YES;
				CLANG_WARN_COMMA = YES;
				CLANG_WARN_CONSTANT_CONVERSION = YES;
				CLANG_WARN_DEPRECATED_OBJC_IMPLEMENTATIONS = YES;
				CLANG_WARN_DIRECT_OBJC_ISA_USAGE = YES_ERROR;
				CLANG_WARN_DOCUMENTATION_COMMENTS = YES;
				CLANG_WARN_EMPTY_BODY = YES;
				CLANG_WARN_ENUM_CONVERSION = YES;
				CLANG_WARN_INFINITE_RECURSION = YES;
				CLANG_WARN_INT_CONVERSION = YES;
				CLANG_WARN_NON_LITERAL_NULL_CONVERSION = YES;
				CLANG_WARN_OBJC_IMPLICIT_RETAIN_SELF = YES;
				CLANG_WARN_OBJC_LITERAL_CONVERSION = YES;
				CLANG_WARN_OBJC_ROOT_CLASS = YES_ERROR;
				CLANG_WARN_QUOTED_INCLUDE_IN_FRAMEWORK_HEADER = YES;
				CLANG_WARN_RANGE_LOOP_ANALYSIS = YES;
				CLANG_WARN_STRICT_PROTOTYPES = YES;
				CLANG_WARN_SUSPICIOUS_MOVE = YES;
				CLANG_WARN_UNGUARDED_AVAILABILITY = YES_AGGRESSIVE;
				CLANG_WARN_UNREACHABLE_CODE = YES;
				CLANG_WARN__DUPLICATE_METHOD_MATCH = YES;
				COPY_PHASE_STRIP = NO;
				DEBUG_INFORMATION_FORMAT = dwarf;
				ENABLE_STRICT_OBJC_MSGSEND = YES;
				ENABLE_TESTABILITY = YES;
				GCC_C_LANGUAGE_STANDARD = gnu11;
				GCC_DYNAMIC_NO_PIC = NO;
				GCC_NO_COMMON_BLOCKS = YES;
				GCC_OPTIMIZATION_LEVEL = 0;
				GCC_PREPROCESSOR_DEFINITIONS = (
					"DEBUG=1",
					"$(inherited)",
				);
				GCC_WARN_64_TO_32_BIT_CONVERSION = YES;
				GCC_WARN_ABOUT_RETURN_TYPE = YES_ERROR;
				GCC_WARN_UNDECLARED_SELECTOR = YES;
				GCC_WARN_UNINITIALIZED_AUTOS = YES_AGGRESSIVE;
				GCC_WARN_UNUSED_FUNCTION = YES;
				GCC_WARN_UNUSED_VARIABLE = YES;
				IPHONEOS_DEPLOYMENT_TARGET = 16.2;
				MTL_ENABLE_DEBUG_INFO = INCLUDE_SOURCE;
				MTL_FAST_MATH = YES;
				ONLY_ACTIVE_ARCH = YES;
				SDKROOT = iphoneos;
				SWIFT_ACTIVE_COMPILATION_CONDITIONS = DEBUG;
				SWIFT_OPTIMIZATION_LEVEL = "-Onone";
			};
			name = Debug;
		};
		C576B2EF29B0D2B300C1D629 /* Release */ = {
			isa = XCBuildConfiguration;
			buildSettings = {
				ALWAYS_SEARCH_USER_PATHS = NO;
				CLANG_ANALYZER_NONNULL = YES;
				CLANG_ANALYZER_NUMBER_OBJECT_CONVERSION = YES_AGGRESSIVE;
				CLANG_CXX_LANGUAGE_STANDARD = "gnu++20";
				CLANG_ENABLE_MODULES = YES;
				CLANG_ENABLE_OBJC_ARC = YES;
				CLANG_ENABLE_OBJC_WEAK = YES;
				CLANG_WARN_BLOCK_CAPTURE_AUTORELEASING = YES;
				CLANG_WARN_BOOL_CONVERSION = YES;
				CLANG_WARN_COMMA = YES;
				CLANG_WARN_CONSTANT_CONVERSION = YES;
				CLANG_WARN_DEPRECATED_OBJC_IMPLEMENTATIONS = YES;
				CLANG_WARN_DIRECT_OBJC_ISA_USAGE = YES_ERROR;
				CLANG_WARN_DOCUMENTATION_COMMENTS = YES;
				CLANG_WARN_EMPTY_BODY = YES;
				CLANG_WARN_ENUM_CONVERSION = YES;
				CLANG_WARN_INFINITE_RECURSION = YES;
				CLANG_WARN_INT_CONVERSION = YES;
				CLANG_WARN_NON_LITERAL_NULL_CONVERSION = YES;
				CLANG_WARN_OBJC_IMPLICIT_RETAIN_SELF = YES;
				CLANG_WARN_OBJC_LITERAL_CONVERSION = YES;
				CLANG_WARN_OBJC_ROOT_CLASS = YES_ERROR;
				CLANG_WARN_QUOTED_INCLUDE_IN_FRAMEWORK_HEADER = YES;
				CLANG_WARN_RANGE_LOOP_ANALYSIS = YES;
				CLANG_WARN_STRICT_PROTOTYPES = YES;
				CLANG_WARN_SUSPICIOUS_MOVE = YES;
				CLANG_WARN_UNGUARDED_AVAILABILITY = YES_AGGRESSIVE;
				CLANG_WARN_UNREACHABLE_CODE = YES;
				CLANG_WARN__DUPLICATE_METHOD_MATCH = YES;
				COPY_PHASE_STRIP = NO;
				DEBUG_INFORMATION_FORMAT = "dwarf-with-dsym";
				ENABLE_NS_ASSERTIONS = NO;
				ENABLE_STRICT_OBJC_MSGSEND = YES;
				GCC_C_LANGUAGE_STANDARD = gnu11;
				GCC_NO_COMMON_BLOCKS = YES;
				GCC_WARN_64_TO_32_BIT_CONVERSION = YES;
				GCC_WARN_ABOUT_RETURN_TYPE = YES_ERROR;
				GCC_WARN_UNDECLARED_SELECTOR = YES;
				GCC_WARN_UNINITIALIZED_AUTOS = YES_AGGRESSIVE;
				GCC_WARN_UNUSED_FUNCTION = YES;
				GCC_WARN_UNUSED_VARIABLE = YES;
				IPHONEOS_DEPLOYMENT_TARGET = 16.2;
				MTL_ENABLE_DEBUG_INFO = NO;
				MTL_FAST_MATH = YES;
				SDKROOT = iphoneos;
				SWIFT_COMPILATION_MODE = wholemodule;
				SWIFT_OPTIMIZATION_LEVEL = "-O";
				VALIDATE_PRODUCT = YES;
			};
			name = Release;
		};
		C576B2F129B0D2B300C1D629 /* Debug */ = {
			isa = XCBuildConfiguration;
			buildSettings = {
				ALWAYS_EMBED_SWIFT_STANDARD_LIBRARIES = YES;
				ASSETCATALOG_COMPILER_APPICON_NAME = AppIcon;
				ASSETCATALOG_COMPILER_GLOBAL_ACCENT_COLOR_NAME = AccentColor;
				CODE_SIGN_ENTITLEMENTS = "BeHappy-iOS/BeHappy-iOS.entitlements";
				CODE_SIGN_STYLE = Automatic;
				CURRENT_PROJECT_VERSION = 1;
				DEVELOPMENT_ASSET_PATHS = "\"BeHappy-iOS/Preview Content\"";
				DEVELOPMENT_TEAM = SFUH889WFT;
				ENABLE_PREVIEWS = YES;
				GENERATE_INFOPLIST_FILE = YES;
				INFOPLIST_FILE = "BeHappy-iOS/Info.plist";
				INFOPLIST_KEY_NSCameraUsageDescription = "BeHappy-iOS camera use";
				INFOPLIST_KEY_NSHealthShareUsageDescription = "Allow this app to use your health data";
				INFOPLIST_KEY_NSHealthUpdateUsageDescription = "Allow this app to use your health kit";
				INFOPLIST_KEY_NSPhotoLibraryUsageDescription = "BeHappy-iOS photo use";
				INFOPLIST_KEY_UIApplicationSceneManifest_Generation = YES;
				INFOPLIST_KEY_UIApplicationSupportsIndirectInputEvents = YES;
				INFOPLIST_KEY_UILaunchScreen_Generation = YES;
				INFOPLIST_KEY_UISupportedInterfaceOrientations_iPad = "UIInterfaceOrientationPortrait UIInterfaceOrientationPortraitUpsideDown UIInterfaceOrientationLandscapeLeft UIInterfaceOrientationLandscapeRight";
				INFOPLIST_KEY_UISupportedInterfaceOrientations_iPhone = "UIInterfaceOrientationPortrait UIInterfaceOrientationLandscapeLeft UIInterfaceOrientationLandscapeRight";
				LD_RUNPATH_SEARCH_PATHS = (
					"$(inherited)",
					"@executable_path/Frameworks",
				);
				MARKETING_VERSION = 1.0;
				PRODUCT_BUNDLE_IDENTIFIER = "S4-Reno.BeHappy-iOS2";
				PRODUCT_NAME = "$(TARGET_NAME)";
				SWIFT_EMIT_LOC_STRINGS = YES;
				SWIFT_VERSION = 5.0;
				TARGETED_DEVICE_FAMILY = "1,2";
			};
			name = Debug;
		};
		C576B2F229B0D2B300C1D629 /* Release */ = {
			isa = XCBuildConfiguration;
			buildSettings = {
				ALWAYS_EMBED_SWIFT_STANDARD_LIBRARIES = YES;
				ASSETCATALOG_COMPILER_APPICON_NAME = AppIcon;
				ASSETCATALOG_COMPILER_GLOBAL_ACCENT_COLOR_NAME = AccentColor;
				CODE_SIGN_ENTITLEMENTS = "BeHappy-iOS/BeHappy-iOS.entitlements";
				CODE_SIGN_STYLE = Automatic;
				CURRENT_PROJECT_VERSION = 1;
				DEVELOPMENT_ASSET_PATHS = "\"BeHappy-iOS/Preview Content\"";
				DEVELOPMENT_TEAM = SFUH889WFT;
				ENABLE_PREVIEWS = YES;
				GENERATE_INFOPLIST_FILE = YES;
				INFOPLIST_FILE = "BeHappy-iOS/Info.plist";
				INFOPLIST_KEY_NSCameraUsageDescription = "BeHappy-iOS camera use";
				INFOPLIST_KEY_NSHealthShareUsageDescription = "Allow this app to use your health data";
				INFOPLIST_KEY_NSHealthUpdateUsageDescription = "Allow this app to use your health kit";
				INFOPLIST_KEY_NSPhotoLibraryUsageDescription = "BeHappy-iOS photo use";
				INFOPLIST_KEY_UIApplicationSceneManifest_Generation = YES;
				INFOPLIST_KEY_UIApplicationSupportsIndirectInputEvents = YES;
				INFOPLIST_KEY_UILaunchScreen_Generation = YES;
				INFOPLIST_KEY_UISupportedInterfaceOrientations_iPad = "UIInterfaceOrientationPortrait UIInterfaceOrientationPortraitUpsideDown UIInterfaceOrientationLandscapeLeft UIInterfaceOrientationLandscapeRight";
				INFOPLIST_KEY_UISupportedInterfaceOrientations_iPhone = "UIInterfaceOrientationPortrait UIInterfaceOrientationLandscapeLeft UIInterfaceOrientationLandscapeRight";
				LD_RUNPATH_SEARCH_PATHS = (
					"$(inherited)",
					"@executable_path/Frameworks",
				);
				MARKETING_VERSION = 1.0;
				PRODUCT_BUNDLE_IDENTIFIER = "S4-Reno.BeHappy-iOS2";
				PRODUCT_NAME = "$(TARGET_NAME)";
				SWIFT_EMIT_LOC_STRINGS = YES;
				SWIFT_VERSION = 5.0;
				TARGETED_DEVICE_FAMILY = "1,2";
			};
			name = Release;
		};
/* End XCBuildConfiguration section */

/* Begin XCConfigurationList section */
		09AE4D5629BF23AB00553581 /* Build configuration list for PBXNativeTarget "MoodWidgetExtension" */ = {
			isa = XCConfigurationList;
			buildConfigurations = (
				09AE4D5729BF23AB00553581 /* Debug */,
				09AE4D5829BF23AB00553581 /* Release */,
			);
			defaultConfigurationIsVisible = 0;
			defaultConfigurationName = Release;
		};
		C576B2DD29B0D2B100C1D629 /* Build configuration list for PBXProject "BeHappy-iOS" */ = {
			isa = XCConfigurationList;
			buildConfigurations = (
				C576B2EE29B0D2B300C1D629 /* Debug */,
				C576B2EF29B0D2B300C1D629 /* Release */,
			);
			defaultConfigurationIsVisible = 0;
			defaultConfigurationName = Release;
		};
		C576B2F029B0D2B300C1D629 /* Build configuration list for PBXNativeTarget "BeHappy-iOS" */ = {
			isa = XCConfigurationList;
			buildConfigurations = (
				C576B2F129B0D2B300C1D629 /* Debug */,
				C576B2F229B0D2B300C1D629 /* Release */,
			);
			defaultConfigurationIsVisible = 0;
			defaultConfigurationName = Release;
		};
/* End XCConfigurationList section */

/* Begin XCRemoteSwiftPackageReference section */
		0997038529B5DADE000D579C /* XCRemoteSwiftPackageReference "firebase-ios-sdk" */ = {
			isa = XCRemoteSwiftPackageReference;
			repositoryURL = "https://github.com/firebase/firebase-ios-sdk";
			requirement = {
				branch = master;
				kind = branch;
			};
		};
		C526392329B0D6D4001C0CD1 /* XCRemoteSwiftPackageReference "GoogleSignIn-iOS" */ = {
			isa = XCRemoteSwiftPackageReference;
			repositoryURL = "https://github.com/google/GoogleSignIn-iOS";
			requirement = {
				kind = upToNextMajorVersion;
				minimumVersion = 7.0.0;
			};
		};
		C566033429BC77BF000D7836 /* XCRemoteSwiftPackageReference "ios-sdk" */ = {
			isa = XCRemoteSwiftPackageReference;
			repositoryURL = "https://github.com/spotify/ios-sdk";
			requirement = {
				branch = master;
				kind = branch;
			};
		};
		C5F496FF29B8B869001670E9 /* XCRemoteSwiftPackageReference "SDWebImage" */ = {
			isa = XCRemoteSwiftPackageReference;
			repositoryURL = "https://github.com/SDWebImage/SDWebImage";
			requirement = {
				kind = upToNextMajorVersion;
				minimumVersion = 5.0.0;
			};
		};
		C5F4970229B8BA40001670E9 /* XCRemoteSwiftPackageReference "FLAnimatedImage" */ = {
			isa = XCRemoteSwiftPackageReference;
			repositoryURL = "https://github.com/Flipboard/FLAnimatedImage";
			requirement = {
				kind = upToNextMajorVersion;
				minimumVersion = 1.0.0;
			};
		};
/* End XCRemoteSwiftPackageReference section */

/* Begin XCSwiftPackageProductDependency section */
		0997038629B5DADE000D579C /* FirebaseAuth */ = {
			isa = XCSwiftPackageProductDependency;
			package = 0997038529B5DADE000D579C /* XCRemoteSwiftPackageReference "firebase-ios-sdk" */;
			productName = FirebaseAuth;
		};
		C526392429B0D6D4001C0CD1 /* GoogleSignIn */ = {
			isa = XCSwiftPackageProductDependency;
			package = C526392329B0D6D4001C0CD1 /* XCRemoteSwiftPackageReference "GoogleSignIn-iOS" */;
			productName = GoogleSignIn;
		};
		C526392629B0D6D4001C0CD1 /* GoogleSignInSwift */ = {
			isa = XCSwiftPackageProductDependency;
			package = C526392329B0D6D4001C0CD1 /* XCRemoteSwiftPackageReference "GoogleSignIn-iOS" */;
			productName = GoogleSignInSwift;
		};
		C566033529BC77BF000D7836 /* SpotifyiOS */ = {
			isa = XCSwiftPackageProductDependency;
			package = C566033429BC77BF000D7836 /* XCRemoteSwiftPackageReference "ios-sdk" */;
			productName = SpotifyiOS;
		};
		C5F4970029B8B869001670E9 /* SDWebImage */ = {
			isa = XCSwiftPackageProductDependency;
			package = C5F496FF29B8B869001670E9 /* XCRemoteSwiftPackageReference "SDWebImage" */;
			productName = SDWebImage;
		};
		C5F4970329B8BA40001670E9 /* FLAnimatedImage */ = {
			isa = XCSwiftPackageProductDependency;
			package = C5F4970229B8BA40001670E9 /* XCRemoteSwiftPackageReference "FLAnimatedImage" */;
			productName = FLAnimatedImage;
		};
/* End XCSwiftPackageProductDependency section */
	};
	rootObject = C576B2DA29B0D2B100C1D629 /* Project object */;
}
